
Microsoft Visual Studio Solution File, Format Version 12.00
# Visual Studio Version 17
VisualStudioVersion = 17.7.34221.43
MinimumVisualStudioVersion = 10.0.40219.1
Project("{FAE04EC0-301F-11D3-BF4B-00C04F79EFBC}") = "ReqFerramentas", "ReqFerramentas\ReqFerramentas.csproj", "{98A556C1-68D3-4277-B777-829232527EDB}"
EndProject
Global
	GlobalSection(SolutionConfigurationPlatforms) = preSolution
		Debug|Any CPU = Debug|Any CPU
		Release|Any CPU = Release|Any CPU
	EndGlobalSection
	GlobalSection(ProjectConfigurationPlatforms) = postSolution
		{98A556C1-68D3-4277-B777-829232527EDB}.Debug|Any CPU.ActiveCfg = Debug|Any CPU
		{98A556C1-68D3-4277-B777-829232527EDB}.Debug|Any CPU.Build.0 = Debug|Any CPU
		{98A556C1-68D3-4277-B777-829232527EDB}.Release|Any CPU.ActiveCfg = Release|Any CPU
		{98A556C1-68D3-4277-B777-829232527EDB}.Release|Any CPU.Build.0 = Release|Any CPU
	EndGlobalSection
	GlobalSection(SolutionProperties) = preSolution
		HideSolutionNode = FALSE
	EndGlobalSection
	GlobalSection(ExtensibilityGlobals) = postSolution
		SolutionGuid = {5B639FB8-BADB-458A-980C-5C08F88E6754}
	EndGlobalSection
EndGlobal
